# THIS IS AN AUTOGENERATED FILE. DO NOT EDIT THIS FILE DIRECTLY.
# yarn lockfile v1


"morphdom@>=2.6.0 <3.0.0":
  version "2.7.0"
  resolved "https://registry.yarnpkg.com/morphdom/-/morphdom-2.7.0.tgz#9ef0c4bc15ac8725df398d127c6984f62e7f89e8"
  integrity sha512-8L8DwbdjjWwM/aNqj7BSoSn4G7SQLNiDcxCnMWbf506jojR6lNQ5YOmQqXEIE8u3C492UlkN4d0hQwz97+M1oQ==

mrujs@^0.10.1:
  version "0.10.1"
  resolved "https://registry.yarnpkg.com/mrujs/-/mrujs-0.10.1.tgz#63f64a37fc6dd9ce14a7296a09a5efaac54a322f"
  integrity sha512-VRilxqfFi0PAEsaNHUQvtf3QKpU7p9xXA97HyksIc4Jb13Bap/9d212dUddC31TnEGby7GymWU+EKRiZIcOJmQ==
  dependencies:
    morphdom ">=2.6.0 <3.0.0"
